
Microsoft Visual Studio Solution File, Format Version 10.00
# Visual Studio 2008
Project("{8BC9CEB8-8B4A-11D0-8D11-00A0C91BC942}") = "CString", "CString.vcproj", "{6FA908D1-CD9E-4AA7-8131-3C307AA87B82}"
EndProject
Global
	GlobalSection(SolutionConfigurationPlatforms) = preSolution
		Debug|Win32 = Debug|Win32
		Release|Win32 = Release|Win32
	EndGlobalSection
	GlobalSection(ProjectConfigurationPlatforms) = postSolution
		{6FA908D1-CD9E-4AA7-8131-3C307AA87B82}.Debug|Win32.ActiveCfg = Debug|Win32
		{6FA908D1-CD9E-4AA7-8131-3C307AA87B82}.Debug|Win32.Build.0 = Debug|Win32
		{6FA908D1-CD9E-4AA7-8131-3C307AA87B82}.Release|Win32.ActiveCfg = Release|Win32
		{6FA908D1-CD9E-4AA7-8131-3C307AA87B82}.Release|Win32.Build.0 = Release|Win32
	EndGlobalSection
	GlobalSection(SolutionProperties) = preSolution
		HideSolutionNode = FALSE
	EndGlobalSection
EndGlobal
