
Microsoft Visual Studio Solution File, Format Version 10.00
# Visual Studio 2008
Project("{FAE04EC0-301F-11D3-BF4B-00C04F79EFBC}") = "NumLab5", "NumLab5.csproj", "{DD4411EC-800B-4E74-939C-5F3C7B44A57E}"
EndProject
Global
	GlobalSection(SolutionConfigurationPlatforms) = preSolution
		Debug|Any CPU = Debug|Any CPU
		Release|Any CPU = Release|Any CPU
	EndGlobalSection
	GlobalSection(ProjectConfigurationPlatforms) = postSolution
		{DD4411EC-800B-4E74-939C-5F3C7B44A57E}.Debug|Any CPU.ActiveCfg = Debug|Any CPU
		{DD4411EC-800B-4E74-939C-5F3C7B44A57E}.Debug|Any CPU.Build.0 = Debug|Any CPU
		{DD4411EC-800B-4E74-939C-5F3C7B44A57E}.Release|Any CPU.ActiveCfg = Release|Any CPU
		{DD4411EC-800B-4E74-939C-5F3C7B44A57E}.Release|Any CPU.Build.0 = Release|Any CPU
	EndGlobalSection
	GlobalSection(SolutionProperties) = preSolution
		HideSolutionNode = FALSE
	EndGlobalSection
EndGlobal
