
Microsoft Visual Studio Solution File, Format Version 10.00
# Visual Studio 2008
Project("{FAE04EC0-301F-11D3-BF4B-00C04F79EFBC}") = "TravelingSalesman", "TravelingSalesman.csproj", "{C6BF6C4C-D5A0-4543-BFB2-0EFE18589DEB}"
EndProject
Global
	GlobalSection(SolutionConfigurationPlatforms) = preSolution
		Debug|Any CPU = Debug|Any CPU
		Release|Any CPU = Release|Any CPU
	EndGlobalSection
	GlobalSection(ProjectConfigurationPlatforms) = postSolution
		{C6BF6C4C-D5A0-4543-BFB2-0EFE18589DEB}.Debug|Any CPU.ActiveCfg = Debug|Any CPU
		{C6BF6C4C-D5A0-4543-BFB2-0EFE18589DEB}.Debug|Any CPU.Build.0 = Debug|Any CPU
		{C6BF6C4C-D5A0-4543-BFB2-0EFE18589DEB}.Release|Any CPU.ActiveCfg = Release|Any CPU
		{C6BF6C4C-D5A0-4543-BFB2-0EFE18589DEB}.Release|Any CPU.Build.0 = Release|Any CPU
	EndGlobalSection
	GlobalSection(SolutionProperties) = preSolution
		HideSolutionNode = FALSE
	EndGlobalSection
EndGlobal
